
Microsoft Visual Studio Solution File, Format Version 12.00
# Visual Studio Version 16
VisualStudioVersion = 16.0.30114.105
MinimumVisualStudioVersion = 10.0.40219.1
Project("{9A19103F-16F7-4668-BE54-9A1E7A4F7556}") = "CacBL", "CacBL\CacBL.csproj", "{B748E44D-B07A-4D0A-9E7C-1B4EADDB0B09}"
EndProject
Project("{9A19103F-16F7-4668-BE54-9A1E7A4F7556}") = "DL", "DL\DL.csproj", "{A6D87CC6-EBFE-4BE7-995A-99965BA3703C}"
EndProject
Project("{9A19103F-16F7-4668-BE54-9A1E7A4F7556}") = "Models", "Models\Models.csproj", "{0542D5D7-A5C2-4F6D-A5ED-F7B138FD491B}"
EndProject
Project("{FAE04EC0-301F-11D3-BF4B-00C04F79EFBC}") = "Cacophony", "Cacophony\Cacophony.csproj", "{ED3B4E65-1156-4A03-BC72-1C2773D67196}"
EndProject
Global
	GlobalSection(SolutionConfigurationPlatforms) = preSolution
		Debug|Any CPU = Debug|Any CPU
		Debug|x64 = Debug|x64
		Debug|x86 = Debug|x86
		Release|Any CPU = Release|Any CPU
		Release|x64 = Release|x64
		Release|x86 = Release|x86
	EndGlobalSection
	GlobalSection(ProjectConfigurationPlatforms) = postSolution
		{B748E44D-B07A-4D0A-9E7C-1B4EADDB0B09}.Debug|Any CPU.ActiveCfg = Debug|Any CPU
		{B748E44D-B07A-4D0A-9E7C-1B4EADDB0B09}.Debug|Any CPU.Build.0 = Debug|Any CPU
		{B748E44D-B07A-4D0A-9E7C-1B4EADDB0B09}.Debug|x64.ActiveCfg = Debug|Any CPU
		{B748E44D-B07A-4D0A-9E7C-1B4EADDB0B09}.Debug|x64.Build.0 = Debug|Any CPU
		{B748E44D-B07A-4D0A-9E7C-1B4EADDB0B09}.Debug|x86.ActiveCfg = Debug|Any CPU
		{B748E44D-B07A-4D0A-9E7C-1B4EADDB0B09}.Debug|x86.Build.0 = Debug|Any CPU
		{B748E44D-B07A-4D0A-9E7C-1B4EADDB0B09}.Release|Any CPU.ActiveCfg = Release|Any CPU
		{B748E44D-B07A-4D0A-9E7C-1B4EADDB0B09}.Release|Any CPU.Build.0 = Release|Any CPU
		{B748E44D-B07A-4D0A-9E7C-1B4EADDB0B09}.Release|x64.ActiveCfg = Release|Any CPU
		{B748E44D-B07A-4D0A-9E7C-1B4EADDB0B09}.Release|x64.Build.0 = Release|Any CPU
		{B748E44D-B07A-4D0A-9E7C-1B4EADDB0B09}.Release|x86.ActiveCfg = Release|Any CPU
		{B748E44D-B07A-4D0A-9E7C-1B4EADDB0B09}.Release|x86.Build.0 = Release|Any CPU
		{A6D87CC6-EBFE-4BE7-995A-99965BA3703C}.Debug|Any CPU.ActiveCfg = Debug|Any CPU
		{A6D87CC6-EBFE-4BE7-995A-99965BA3703C}.Debug|Any CPU.Build.0 = Debug|Any CPU
		{A6D87CC6-EBFE-4BE7-995A-99965BA3703C}.Debug|x64.ActiveCfg = Debug|Any CPU
		{A6D87CC6-EBFE-4BE7-995A-99965BA3703C}.Debug|x64.Build.0 = Debug|Any CPU
		{A6D87CC6-EBFE-4BE7-995A-99965BA3703C}.Debug|x86.ActiveCfg = Debug|Any CPU
		{A6D87CC6-EBFE-4BE7-995A-99965BA3703C}.Debug|x86.Build.0 = Debug|Any CPU
		{A6D87CC6-EBFE-4BE7-995A-99965BA3703C}.Release|Any CPU.ActiveCfg = Release|Any CPU
		{A6D87CC6-EBFE-4BE7-995A-99965BA3703C}.Release|Any CPU.Build.0 = Release|Any CPU
		{A6D87CC6-EBFE-4BE7-995A-99965BA3703C}.Release|x64.ActiveCfg = Release|Any CPU
		{A6D87CC6-EBFE-4BE7-995A-99965BA3703C}.Release|x64.Build.0 = Release|Any CPU
		{A6D87CC6-EBFE-4BE7-995A-99965BA3703C}.Release|x86.ActiveCfg = Release|Any CPU
		{A6D87CC6-EBFE-4BE7-995A-99965BA3703C}.Release|x86.Build.0 = Release|Any CPU
		{0542D5D7-A5C2-4F6D-A5ED-F7B138FD491B}.Debug|Any CPU.ActiveCfg = Debug|Any CPU
		{0542D5D7-A5C2-4F6D-A5ED-F7B138FD491B}.Debug|Any CPU.Build.0 = Debug|Any CPU
		{0542D5D7-A5C2-4F6D-A5ED-F7B138FD491B}.Debug|x64.ActiveCfg = Debug|Any CPU
		{0542D5D7-A5C2-4F6D-A5ED-F7B138FD491B}.Debug|x64.Build.0 = Debug|Any CPU
		{0542D5D7-A5C2-4F6D-A5ED-F7B138FD491B}.Debug|x86.ActiveCfg = Debug|Any CPU
		{0542D5D7-A5C2-4F6D-A5ED-F7B138FD491B}.Debug|x86.Build.0 = Debug|Any CPU
		{0542D5D7-A5C2-4F6D-A5ED-F7B138FD491B}.Release|Any CPU.ActiveCfg = Release|Any CPU
		{0542D5D7-A5C2-4F6D-A5ED-F7B138FD491B}.Release|Any CPU.Build.0 = Release|Any CPU
		{0542D5D7-A5C2-4F6D-A5ED-F7B138FD491B}.Release|x64.ActiveCfg = Release|Any CPU
		{0542D5D7-A5C2-4F6D-A5ED-F7B138FD491B}.Release|x64.Build.0 = Release|Any CPU
		{0542D5D7-A5C2-4F6D-A5ED-F7B138FD491B}.Release|x86.ActiveCfg = Release|Any CPU
		{0542D5D7-A5C2-4F6D-A5ED-F7B138FD491B}.Release|x86.Build.0 = Release|Any CPU
		{ED3B4E65-1156-4A03-BC72-1C2773D67196}.Debug|Any CPU.ActiveCfg = Debug|Any CPU
		{ED3B4E65-1156-4A03-BC72-1C2773D67196}.Debug|Any CPU.Build.0 = Debug|Any CPU
		{ED3B4E65-1156-4A03-BC72-1C2773D67196}.Debug|x64.ActiveCfg = Debug|Any CPU
		{ED3B4E65-1156-4A03-BC72-1C2773D67196}.Debug|x64.Build.0 = Debug|Any CPU
		{ED3B4E65-1156-4A03-BC72-1C2773D67196}.Debug|x86.ActiveCfg = Debug|Any CPU
		{ED3B4E65-1156-4A03-BC72-1C2773D67196}.Debug|x86.Build.0 = Debug|Any CPU
		{ED3B4E65-1156-4A03-BC72-1C2773D67196}.Release|Any CPU.ActiveCfg = Release|Any CPU
		{ED3B4E65-1156-4A03-BC72-1C2773D67196}.Release|Any CPU.Build.0 = Release|Any CPU
		{ED3B4E65-1156-4A03-BC72-1C2773D67196}.Release|x64.ActiveCfg = Release|Any CPU
		{ED3B4E65-1156-4A03-BC72-1C2773D67196}.Release|x64.Build.0 = Release|Any CPU
		{ED3B4E65-1156-4A03-BC72-1C2773D67196}.Release|x86.ActiveCfg = Release|Any CPU
		{ED3B4E65-1156-4A03-BC72-1C2773D67196}.Release|x86.Build.0 = Release|Any CPU
	EndGlobalSection
	GlobalSection(SolutionProperties) = preSolution
		HideSolutionNode = FALSE
	EndGlobalSection
	GlobalSection(ExtensibilityGlobals) = postSolution
		SolutionGuid = {9EA83985-6456-471B-838D-F50439F57213}
	EndGlobalSection
EndGlobal
