
Microsoft Visual Studio Solution File, Format Version 12.00
# Visual Studio Version 16
VisualStudioVersion = 16.0.30114.105
MinimumVisualStudioVersion = 10.0.40219.1
Project("{FAE04EC0-301F-11D3-BF4B-00C04F79EFBC}") = "StoreBL", "StoreBL\StoreBL.csproj", "{39DD10E6-4051-42A9-8E20-E00458E3EF8D}"
EndProject
Project("{FAE04EC0-301F-11D3-BF4B-00C04F79EFBC}") = "UI", "UI\UI.csproj", "{8345BBEA-2FEF-40F7-9BF7-209ECB9A3A93}"
EndProject
Project("{FAE04EC0-301F-11D3-BF4B-00C04F79EFBC}") = "DL", "DL\DL.csproj", "{48F3BC33-AE0D-4F0A-A9EF-019B685A7869}"
EndProject
Project("{FAE04EC0-301F-11D3-BF4B-00C04F79EFBC}") = "Models", "Models\Models.csproj", "{4A487B88-72CD-4E7B-99C1-DDD22224F52B}"
EndProject
Global
	GlobalSection(SolutionConfigurationPlatforms) = preSolution
		Debug|Any CPU = Debug|Any CPU
		Debug|x64 = Debug|x64
		Debug|x86 = Debug|x86
		Release|Any CPU = Release|Any CPU
		Release|x64 = Release|x64
		Release|x86 = Release|x86
	EndGlobalSection
	GlobalSection(SolutionProperties) = preSolution
		HideSolutionNode = FALSE
	EndGlobalSection
	GlobalSection(ProjectConfigurationPlatforms) = postSolution
		{39DD10E6-4051-42A9-8E20-E00458E3EF8D}.Debug|Any CPU.ActiveCfg = Debug|Any CPU
		{39DD10E6-4051-42A9-8E20-E00458E3EF8D}.Debug|Any CPU.Build.0 = Debug|Any CPU
		{39DD10E6-4051-42A9-8E20-E00458E3EF8D}.Debug|x64.ActiveCfg = Debug|Any CPU
		{39DD10E6-4051-42A9-8E20-E00458E3EF8D}.Debug|x64.Build.0 = Debug|Any CPU
		{39DD10E6-4051-42A9-8E20-E00458E3EF8D}.Debug|x86.ActiveCfg = Debug|Any CPU
		{39DD10E6-4051-42A9-8E20-E00458E3EF8D}.Debug|x86.Build.0 = Debug|Any CPU
		{39DD10E6-4051-42A9-8E20-E00458E3EF8D}.Release|Any CPU.ActiveCfg = Release|Any CPU
		{39DD10E6-4051-42A9-8E20-E00458E3EF8D}.Release|Any CPU.Build.0 = Release|Any CPU
		{39DD10E6-4051-42A9-8E20-E00458E3EF8D}.Release|x64.ActiveCfg = Release|Any CPU
		{39DD10E6-4051-42A9-8E20-E00458E3EF8D}.Release|x64.Build.0 = Release|Any CPU
		{39DD10E6-4051-42A9-8E20-E00458E3EF8D}.Release|x86.ActiveCfg = Release|Any CPU
		{39DD10E6-4051-42A9-8E20-E00458E3EF8D}.Release|x86.Build.0 = Release|Any CPU
		{8345BBEA-2FEF-40F7-9BF7-209ECB9A3A93}.Debug|Any CPU.ActiveCfg = Debug|Any CPU
		{8345BBEA-2FEF-40F7-9BF7-209ECB9A3A93}.Debug|Any CPU.Build.0 = Debug|Any CPU
		{8345BBEA-2FEF-40F7-9BF7-209ECB9A3A93}.Debug|x64.ActiveCfg = Debug|Any CPU
		{8345BBEA-2FEF-40F7-9BF7-209ECB9A3A93}.Debug|x64.Build.0 = Debug|Any CPU
		{8345BBEA-2FEF-40F7-9BF7-209ECB9A3A93}.Debug|x86.ActiveCfg = Debug|Any CPU
		{8345BBEA-2FEF-40F7-9BF7-209ECB9A3A93}.Debug|x86.Build.0 = Debug|Any CPU
		{8345BBEA-2FEF-40F7-9BF7-209ECB9A3A93}.Release|Any CPU.ActiveCfg = Release|Any CPU
		{8345BBEA-2FEF-40F7-9BF7-209ECB9A3A93}.Release|Any CPU.Build.0 = Release|Any CPU
		{8345BBEA-2FEF-40F7-9BF7-209ECB9A3A93}.Release|x64.ActiveCfg = Release|Any CPU
		{8345BBEA-2FEF-40F7-9BF7-209ECB9A3A93}.Release|x64.Build.0 = Release|Any CPU
		{8345BBEA-2FEF-40F7-9BF7-209ECB9A3A93}.Release|x86.ActiveCfg = Release|Any CPU
		{8345BBEA-2FEF-40F7-9BF7-209ECB9A3A93}.Release|x86.Build.0 = Release|Any CPU
		{48F3BC33-AE0D-4F0A-A9EF-019B685A7869}.Debug|Any CPU.ActiveCfg = Debug|Any CPU
		{48F3BC33-AE0D-4F0A-A9EF-019B685A7869}.Debug|Any CPU.Build.0 = Debug|Any CPU
		{48F3BC33-AE0D-4F0A-A9EF-019B685A7869}.Debug|x64.ActiveCfg = Debug|Any CPU
		{48F3BC33-AE0D-4F0A-A9EF-019B685A7869}.Debug|x64.Build.0 = Debug|Any CPU
		{48F3BC33-AE0D-4F0A-A9EF-019B685A7869}.Debug|x86.ActiveCfg = Debug|Any CPU
		{48F3BC33-AE0D-4F0A-A9EF-019B685A7869}.Debug|x86.Build.0 = Debug|Any CPU
		{48F3BC33-AE0D-4F0A-A9EF-019B685A7869}.Release|Any CPU.ActiveCfg = Release|Any CPU
		{48F3BC33-AE0D-4F0A-A9EF-019B685A7869}.Release|Any CPU.Build.0 = Release|Any CPU
		{48F3BC33-AE0D-4F0A-A9EF-019B685A7869}.Release|x64.ActiveCfg = Release|Any CPU
		{48F3BC33-AE0D-4F0A-A9EF-019B685A7869}.Release|x64.Build.0 = Release|Any CPU
		{48F3BC33-AE0D-4F0A-A9EF-019B685A7869}.Release|x86.ActiveCfg = Release|Any CPU
		{48F3BC33-AE0D-4F0A-A9EF-019B685A7869}.Release|x86.Build.0 = Release|Any CPU
		{4A487B88-72CD-4E7B-99C1-DDD22224F52B}.Debug|Any CPU.ActiveCfg = Debug|Any CPU
		{4A487B88-72CD-4E7B-99C1-DDD22224F52B}.Debug|Any CPU.Build.0 = Debug|Any CPU
		{4A487B88-72CD-4E7B-99C1-DDD22224F52B}.Debug|x64.ActiveCfg = Debug|Any CPU
		{4A487B88-72CD-4E7B-99C1-DDD22224F52B}.Debug|x64.Build.0 = Debug|Any CPU
		{4A487B88-72CD-4E7B-99C1-DDD22224F52B}.Debug|x86.ActiveCfg = Debug|Any CPU
		{4A487B88-72CD-4E7B-99C1-DDD22224F52B}.Debug|x86.Build.0 = Debug|Any CPU
		{4A487B88-72CD-4E7B-99C1-DDD22224F52B}.Release|Any CPU.ActiveCfg = Release|Any CPU
		{4A487B88-72CD-4E7B-99C1-DDD22224F52B}.Release|Any CPU.Build.0 = Release|Any CPU
		{4A487B88-72CD-4E7B-99C1-DDD22224F52B}.Release|x64.ActiveCfg = Release|Any CPU
		{4A487B88-72CD-4E7B-99C1-DDD22224F52B}.Release|x64.Build.0 = Release|Any CPU
		{4A487B88-72CD-4E7B-99C1-DDD22224F52B}.Release|x86.ActiveCfg = Release|Any CPU
		{4A487B88-72CD-4E7B-99C1-DDD22224F52B}.Release|x86.Build.0 = Release|Any CPU
	EndGlobalSection
EndGlobal
